
Microsoft Visual Studio Solution File, Format Version 12.00
# Visual Studio Version 16
VisualStudioVersion = 16.0.29102.190
MinimumVisualStudioVersion = 10.0.40219.1
Project("{FAE04EC0-301F-11D3-BF4B-00C04F79EFBC}") = "guia_1", "guia_1\guia_1.csproj", "{56701954-0877-44D2-BC09-FBDB1A9B0852}"
EndProject
Global
	GlobalSection(SolutionConfigurationPlatforms) = preSolution
		Debug|Any CPU = Debug|Any CPU
		Release|Any CPU = Release|Any CPU
	EndGlobalSection
	GlobalSection(ProjectConfigurationPlatforms) = postSolution
		{56701954-0877-44D2-BC09-FBDB1A9B0852}.Debug|Any CPU.ActiveCfg = Debug|Any CPU
		{56701954-0877-44D2-BC09-FBDB1A9B0852}.Debug|Any CPU.Build.0 = Debug|Any CPU
		{56701954-0877-44D2-BC09-FBDB1A9B0852}.Release|Any CPU.ActiveCfg = Release|Any CPU
		{56701954-0877-44D2-BC09-FBDB1A9B0852}.Release|Any CPU.Build.0 = Release|Any CPU
	EndGlobalSection
	GlobalSection(SolutionProperties) = preSolution
		HideSolutionNode = FALSE
	EndGlobalSection
	GlobalSection(ExtensibilityGlobals) = postSolution
		SolutionGuid = {A07429FB-6F68-4D80-9A3B-42F1714E1110}
	EndGlobalSection
EndGlobal
